# THIS IS AN AUTOGENERATED FILE. DO NOT EDIT THIS FILE DIRECTLY.
# yarn lockfile v1


"@next/env@12.2.3-canary.5":
  version "12.2.3-canary.5"
  resolved "https://registry.yarnpkg.com/@next/env/-/env-12.2.3-canary.5.tgz#f9db171435db57ec65b579215e369a68617d96b4"
  integrity sha512-6Pv35J7NDrX8kq6vF565ndr7YQQn9HANV/Q55qs46SWjgppcZZ+htkDfrjNp8PsI5ex2YuJH9KthYn5JV+saIQ==

"@next/swc-android-arm-eabi@12.2.3-canary.5":
  version "12.2.3-canary.5"
  resolved "https://registry.yarnpkg.com/@next/swc-android-arm-eabi/-/swc-android-arm-eabi-12.2.3-canary.5.tgz#a8296ecf8d2a432606a4930659437ae61272aa28"
  integrity sha512-KZlgMdr4314SyZlxVpImnzIKakOCEQ9/x3zBUION9VqAsxTQCgPgVMRo2V+QW18XSh0aCKsxQvPipe/KBTv/Yg==

"@next/swc-android-arm64@12.2.3-canary.5":
  version "12.2.3-canary.5"
  resolved "https://registry.yarnpkg.com/@next/swc-android-arm64/-/swc-android-arm64-12.2.3-canary.5.tgz#c9b1e51c924bf0e8be0d7dd3b8b3084a70831b35"
  integrity sha512-uQnxiMQOJVrqV0V0fVUX/qrWsRFsCjw2IxTgz2KWu9UtqcyaN4WBouFZ8WP3ixRi84tt1FOU65VjFy4wlVheqw==

"@next/swc-darwin-arm64@12.2.3-canary.5":
  version "12.2.3-canary.5"
  resolved "https://registry.yarnpkg.com/@next/swc-darwin-arm64/-/swc-darwin-arm64-12.2.3-canary.5.tgz#4947475a76cdab233d4f3a36ceb6fab624871349"
  integrity sha512-SwRu81Ba2iof8NFWTF/e0VemcEZsMKR2+olqy4l6ANA5p9RpumZKft1bEkRQ4xtur6DS7SbKS2zKO19ukA8a/Q==

"@next/swc-darwin-x64@12.2.3-canary.5":
  version "12.2.3-canary.5"
  resolved "https://registry.yarnpkg.com/@next/swc-darwin-x64/-/swc-darwin-x64-12.2.3-canary.5.tgz#8fccd8d8ed9b13ee8b4394af40c67f2996db0d3b"
  integrity sha512-/QCker9zJUnleRdqqx2uCVW1dnv/KMpJLw4xKe+lW1A8HbhNcdteQSbR+KVNL9S57GcS+Y70lYRM6KE6dhhpnw==

"@next/swc-freebsd-x64@12.2.3-canary.5":
  version "12.2.3-canary.5"
  resolved "https://registry.yarnpkg.com/@next/swc-freebsd-x64/-/swc-freebsd-x64-12.2.3-canary.5.tgz#954902888977de0fc8eba57426e44b8b432ecc28"
  integrity sha512-3Y+MeBZYsVflosBgrovt7+cx4x5uVcD4nVNaneAEd5ct21D2q1eKTFpt416ykkKY028KY+SVaGgAiw+mTEXPRg==

"@next/swc-linux-arm-gnueabihf@12.2.3-canary.5":
  version "12.2.3-canary.5"
  resolved "https://registry.yarnpkg.com/@next/swc-linux-arm-gnueabihf/-/swc-linux-arm-gnueabihf-12.2.3-canary.5.tgz#8c30acabe48cce52f84a92c60b9acf0b12fdd14e"
  integrity sha512-zX4qf9ISnyHmGw+GH6vpK093rjXuvrYw+eq/xsYzQ6CemqY2pIE4oGsrBZQpmjm7Aznb2+ukQFITOP7kjbw9vQ==

"@next/swc-linux-arm64-gnu@12.2.3-canary.5":
  version "12.2.3-canary.5"
  resolved "https://registry.yarnpkg.com/@next/swc-linux-arm64-gnu/-/swc-linux-arm64-gnu-12.2.3-canary.5.tgz#a36fe028228fd1b1e1383ca3e7afcc7f13cc9aec"
  integrity sha512-2z7IprjNnLxNH/RG30ZKr6/uWYylnk1shgesP81oiZxPVWOqwoIKePB+mnkB7SU2v3v+8dQ7+e2Ms5Y1bcirNA==

"@next/swc-linux-arm64-musl@12.2.3-canary.5":
  version "12.2.3-canary.5"
  resolved "https://registry.yarnpkg.com/@next/swc-linux-arm64-musl/-/swc-linux-arm64-musl-12.2.3-canary.5.tgz#2f5b1e76f18564da0f56483d3f74da9cd93c7b12"
  integrity sha512-UktwdfnJuxLItB8Qmj1ymcDDDyx/QNixfYOv4JvgNl3k2+TmIgXIS0vO0yDLlK4I25KYPyvnXgeub6BZG5QqWg==

"@next/swc-linux-x64-gnu@12.2.3-canary.5":
  version "12.2.3-canary.5"
  resolved "https://registry.yarnpkg.com/@next/swc-linux-x64-gnu/-/swc-linux-x64-gnu-12.2.3-canary.5.tgz#0e42f6c739e69a4894ec60c02025f5ac7a2fa01d"
  integrity sha512-/drTStzGk8BXgDaHTyocb57f3fAyFRKLOtwVoZvCXY10+/3ZRSp+XoQripWmChFMp3sQDd1rDy/6FFwoS+kE8w==

"@next/swc-linux-x64-musl@12.2.3-canary.5":
  version "12.2.3-canary.5"
  resolved "https://registry.yarnpkg.com/@next/swc-linux-x64-musl/-/swc-linux-x64-musl-12.2.3-canary.5.tgz#a2409cd9dd15bb60f51a641530161fe9ed0fbc3a"
  integrity sha512-hj05dxHlJ3u/EDuu7Vsfg6r5G4hsdb+yGzEcikP/KCdAkPhNaxd0kW3QAPNTb1UUX287vb78gD+mXtVsHVvVuQ==

"@next/swc-win32-arm64-msvc@12.2.3-canary.5":
  version "12.2.3-canary.5"
  resolved "https://registry.yarnpkg.com/@next/swc-win32-arm64-msvc/-/swc-win32-arm64-msvc-12.2.3-canary.5.tgz#f2ab6bdd02d44e70482434bbd7edb4949515059c"
  integrity sha512-OWOZaqlnxR3aI7g7dxiLwwW2G+vOPKDLaQjZoiU+Vtd6qxPSj9tmWy7mcqg8QpV3qfT6+WKzlH6wrjIxBIMFWg==

"@next/swc-win32-ia32-msvc@12.2.3-canary.5":
  version "12.2.3-canary.5"
  resolved "https://registry.yarnpkg.com/@next/swc-win32-ia32-msvc/-/swc-win32-ia32-msvc-12.2.3-canary.5.tgz#7962aae3f3f8a7e3b989bf5362d807c0537c79c3"
  integrity sha512-0x2bU7XOq6N9mu37eIlwxHIg9h4iLW0e701fkRg92DBKTgiBtQpcPT8+OKzKXEompRrO4zETZJgax1QrZ5btDA==

"@next/swc-win32-x64-msvc@12.2.3-canary.5":
  version "12.2.3-canary.5"
  resolved "https://registry.yarnpkg.com/@next/swc-win32-x64-msvc/-/swc-win32-x64-msvc-12.2.3-canary.5.tgz#e610a203a194c5f0bb7fd2633ee3b7da435c4ad2"
  integrity sha512-f6yNBCPlxKKodgQgWiZ3f8LoncurA9jTyM1kmweJ/07Vf/NBSUtejpnMikibGtfKm/J22/WW3++PsEWGy0O5HA==

"@swc/helpers@0.4.3":
  version "0.4.3"
  resolved "https://registry.yarnpkg.com/@swc/helpers/-/helpers-0.4.3.tgz#16593dfc248c53b699d4b5026040f88ddb497012"
  integrity sha512-6JrF+fdUK2zbGpJIlN7G3v966PQjyx/dPt1T9km2wj+EUBqgrxCk3uX4Kct16MIm9gGxfKRcfax2hVf5jvlTzA==
  dependencies:
    tslib "^2.4.0"

"@types/node@^18.0.0":
  version "18.0.3"
  resolved "https://registry.yarnpkg.com/@types/node/-/node-18.0.3.tgz#463fc47f13ec0688a33aec75d078a0541a447199"
  integrity sha512-HzNRZtp4eepNitP+BD6k2L6DROIDG4Q0fm4x+dwfsr6LGmROENnok75VGw40628xf+iR24WeMFcHuuBDUAzzsQ==

"@types/prop-types@*":
  version "15.7.5"
  resolved "https://registry.yarnpkg.com/@types/prop-types/-/prop-types-15.7.5.tgz#5f19d2b85a98e9558036f6a3cacc8819420f05cf"
  integrity sha512-JCB8C6SnDoQf0cNycqd/35A7MjcnK+ZTqE7judS6o7utxUCg6imJg3QK2qzHKszlTjcj2cn+NwMB2i96ubpj7w==

"@types/react@^18.0.14":
  version "18.0.15"
  resolved "https://registry.yarnpkg.com/@types/react/-/react-18.0.15.tgz#d355644c26832dc27f3e6cbf0c4f4603fc4ab7fe"
  integrity sha512-iz3BtLuIYH1uWdsv6wXYdhozhqj20oD4/Hk2DNXIn1kFsmp9x8d9QB6FnPhfkbhd2PgEONt9Q1x/ebkwjfFLow==
  dependencies:
    "@types/prop-types" "*"
    "@types/scheduler" "*"
    csstype "^3.0.2"

"@types/scheduler@*":
  version "0.16.2"
  resolved "https://registry.yarnpkg.com/@types/scheduler/-/scheduler-0.16.2.tgz#1a62f89525723dde24ba1b01b092bf5df8ad4d39"
  integrity sha512-hppQEBDmlwhFAXKJX2KnWLYu5yMfi91yazPb2l+lbJiwW+wdo1gNeRA+3RgNSO39WYX2euey41KEwnqesU2Jew==

caniuse-lite@^1.0.30001332:
  version "1.0.30001366"
  resolved "https://registry.yarnpkg.com/caniuse-lite/-/caniuse-lite-1.0.30001366.tgz#c73352c83830a9eaf2dea0ff71fb4b9a4bbaa89c"
  integrity sha512-yy7XLWCubDobokgzudpkKux8e0UOOnLHE6mlNJBzT3lZJz6s5atSEzjoL+fsCPkI0G8MP5uVdDx1ur/fXEWkZA==

csstype@^3.0.2:
  version "3.1.0"
  resolved "https://registry.yarnpkg.com/csstype/-/csstype-3.1.0.tgz#4ddcac3718d787cf9df0d1b7d15033925c8f29f2"
  integrity sha512-uX1KG+x9h5hIJsaKR9xHUeUraxf8IODOwq9JLNPq6BwB04a/xgpq3rcx47l5BZu5zBPlgD342tdke3Hom/nJRA==

"js-tokens@^3.0.0 || ^4.0.0":
  version "4.0.0"
  resolved "https://registry.yarnpkg.com/js-tokens/-/js-tokens-4.0.0.tgz#19203fb59991df98e3a287050d4647cdeaf32499"
  integrity sha512-RdJUflcE3cUzKiMqQgsCu06FPu9UdIJO0beYbPhHN4k6apgJtifcoCtT9bcxOpYBtpD2kCM6Sbzg4CausW/PKQ==

loose-envify@^1.1.0:
  version "1.4.0"
  resolved "https://registry.yarnpkg.com/loose-envify/-/loose-envify-1.4.0.tgz#71ee51fa7be4caec1a63839f7e682d8132d30caf"
  integrity sha512-lyuxPGr/Wfhrlem2CL/UcnUc1zcqKAImBDzukY7Y5F/yQiNdko6+fRLevlw1HgMySw7f611UIY408EtxRSoK3Q==
  dependencies:
    js-tokens "^3.0.0 || ^4.0.0"

nanoid@^3.3.4:
  version "3.3.4"
  resolved "https://registry.yarnpkg.com/nanoid/-/nanoid-3.3.4.tgz#730b67e3cd09e2deacf03c027c81c9d9dbc5e8ab"
  integrity sha512-MqBkQh/OHTS2egovRtLk45wEyNXwF+cokD+1YPf9u5VfJiRdAiRwB2froX5Co9Rh20xs4siNPm8naNotSD6RBw==

next@canary:
  version "12.2.3-canary.5"
  resolved "https://registry.yarnpkg.com/next/-/next-12.2.3-canary.5.tgz#87a9868177dcf15f95a0c405809164b06f0998d6"
  integrity sha512-n+heafmFVf6QpswqQwM4kHL63uPLSYqxJU5eAEdSDagEr8IntUYC5SCANuVcnrniOJzLToHWwFDk/BcHuXPrkw==
  dependencies:
    "@next/env" "12.2.3-canary.5"
    "@swc/helpers" "0.4.3"
    caniuse-lite "^1.0.30001332"
    postcss "8.4.14"
    styled-jsx "5.0.2"
    use-sync-external-store "1.2.0"
  optionalDependencies:
    "@next/swc-android-arm-eabi" "12.2.3-canary.5"
    "@next/swc-android-arm64" "12.2.3-canary.5"
    "@next/swc-darwin-arm64" "12.2.3-canary.5"
    "@next/swc-darwin-x64" "12.2.3-canary.5"
    "@next/swc-freebsd-x64" "12.2.3-canary.5"
    "@next/swc-linux-arm-gnueabihf" "12.2.3-canary.5"
    "@next/swc-linux-arm64-gnu" "12.2.3-canary.5"
    "@next/swc-linux-arm64-musl" "12.2.3-canary.5"
    "@next/swc-linux-x64-gnu" "12.2.3-canary.5"
    "@next/swc-linux-x64-musl" "12.2.3-canary.5"
    "@next/swc-win32-arm64-msvc" "12.2.3-canary.5"
    "@next/swc-win32-ia32-msvc" "12.2.3-canary.5"
    "@next/swc-win32-x64-msvc" "12.2.3-canary.5"

picocolors@^1.0.0:
  version "1.0.0"
  resolved "https://registry.yarnpkg.com/picocolors/-/picocolors-1.0.0.tgz#cb5bdc74ff3f51892236eaf79d68bc44564ab81c"
  integrity sha512-1fygroTLlHu66zi26VoTDv8yRgm0Fccecssto+MhsZ0D/DGW2sm8E8AjW7NU5VVTRt5GxbeZ5qBuJr+HyLYkjQ==

postcss@8.4.14:
  version "8.4.14"
  resolved "https://registry.yarnpkg.com/postcss/-/postcss-8.4.14.tgz#ee9274d5622b4858c1007a74d76e42e56fd21caf"
  integrity sha512-E398TUmfAYFPBSdzgeieK2Y1+1cpdxJx8yXbK/m57nRhKSmk1GB2tO4lbLBtlkfPQTDKfe4Xqv1ASWPpayPEig==
  dependencies:
    nanoid "^3.3.4"
    picocolors "^1.0.0"
    source-map-js "^1.0.2"

react-dom@^18.2.0:
  version "18.2.0"
  resolved "https://registry.yarnpkg.com/react-dom/-/react-dom-18.2.0.tgz#22aaf38708db2674ed9ada224ca4aa708d821e3d"
  integrity sha512-6IMTriUmvsjHUjNtEDudZfuDQUoWXVxKHhlEGSk81n4YFS+r/Kl99wXiwlVXtPBtJenozv2P+hxDsw9eA7Xo6g==
  dependencies:
    loose-envify "^1.1.0"
    scheduler "^0.23.0"

react@^18.2.0:
  version "18.2.0"
  resolved "https://registry.yarnpkg.com/react/-/react-18.2.0.tgz#555bd98592883255fa00de14f1151a917b5d77d5"
  integrity sha512-/3IjMdb2L9QbBdWiW5e3P2/npwMBaU9mHCSCUzNln0ZCYbcfTsGbTJrU/kGemdH2IWmB2ioZ+zkxtmq6g09fGQ==
  dependencies:
    loose-envify "^1.1.0"

scheduler@^0.23.0:
  version "0.23.0"
  resolved "https://registry.yarnpkg.com/scheduler/-/scheduler-0.23.0.tgz#ba8041afc3d30eb206a487b6b384002e4e61fdfe"
  integrity sha512-CtuThmgHNg7zIZWAXi3AsyIzA3n4xx7aNyjwC2VJldO2LMVDhFK+63xGqq6CsJH4rTAt6/M+N4GhZiDYPx9eUw==
  dependencies:
    loose-envify "^1.1.0"

source-map-js@^1.0.2:
  version "1.0.2"
  resolved "https://registry.yarnpkg.com/source-map-js/-/source-map-js-1.0.2.tgz#adbc361d9c62df380125e7f161f71c826f1e490c"
  integrity sha512-R0XvVJ9WusLiqTCEiGCmICCMplcCkIwwR11mOSD9CR5u+IXYdiseeEuXCVAjS54zqwkLcPNnmU4OeJ6tUrWhDw==

styled-jsx@5.0.2:
  version "5.0.2"
  resolved "https://registry.yarnpkg.com/styled-jsx/-/styled-jsx-5.0.2.tgz#ff230fd593b737e9e68b630a694d460425478729"
  integrity sha512-LqPQrbBh3egD57NBcHET4qcgshPks+yblyhPlH2GY8oaDgKs8SK4C3dBh3oSJjgzJ3G5t1SYEZGHkP+QEpX9EQ==

tslib@^2.4.0:
  version "2.4.0"
  resolved "https://registry.yarnpkg.com/tslib/-/tslib-2.4.0.tgz#7cecaa7f073ce680a05847aa77be941098f36dc3"
  integrity sha512-d6xOpEDfsi2CZVlPQzGeux8XMwLT9hssAsaPYExaQMuYskwb+x1x7J371tWlbBdWHroy99KnVB6qIkUbs5X3UQ==

typescript@^4.7.4:
  version "4.7.4"
  resolved "https://registry.yarnpkg.com/typescript/-/typescript-4.7.4.tgz#1a88596d1cf47d59507a1bcdfb5b9dfe4d488235"
  integrity sha512-C0WQT0gezHuw6AdY1M2jxUO83Rjf0HP7Sk1DtXj6j1EwkQNZrHAg2XPWlq62oqEhYvONq5pkC2Y9oPljWToLmQ==

use-sync-external-store@1.2.0:
  version "1.2.0"
  resolved "https://registry.yarnpkg.com/use-sync-external-store/-/use-sync-external-store-1.2.0.tgz#7dbefd6ef3fe4e767a0cf5d7287aacfb5846928a"
  integrity sha512-eEgnFxGQ1Ife9bzYs6VLi8/4X6CObHMw9Qr9tPY43iKwsPw8xE8+EFsf/2cFZ5S3esXgpWgtSCtLNS41F+sKPA==
